
Microsoft Visual Studio Solution File, Format Version 12.00
# Visual Studio 15
VisualStudioVersion = 15.0.28010.0
MinimumVisualStudioVersion = 10.0.40219.1
Project("{FAE04EC0-301F-11D3-BF4B-00C04F79EFBC}") = "Utilities", "Utilities\Utilities.csproj", "{A3B75F58-812B-468C-B39C-D0BF74563E17}"
EndProject
Project("{FAE04EC0-301F-11D3-BF4B-00C04F79EFBC}") = "Test.Utilities", "Test.Utilities\Test.Utilities.csproj", "{9CBDE0D8-775F-4D0C-B89C-F8811860D5E2}"
EndProject
Global
	GlobalSection(SolutionConfigurationPlatforms) = preSolution
		Debug|Any CPU = Debug|Any CPU
		Dev|Any CPU = Dev|Any CPU
		Dev1|Any CPU = Dev1|Any CPU
		Dev2|Any CPU = Dev2|Any CPU
		DevOps|Any CPU = DevOps|Any CPU
		Next|Any CPU = Next|Any CPU
		Prod|Any CPU = Prod|Any CPU
		Qa1|Any CPU = Qa1|Any CPU
		Qa2|Any CPU = Qa2|Any CPU
		Qa3|Any CPU = Qa3|Any CPU
		Qa4|Any CPU = Qa4|Any CPU
		Release|Any CPU = Release|Any CPU
		Ux|Any CPU = Ux|Any CPU
		vlab|Any CPU = vlab|Any CPU
	EndGlobalSection
	GlobalSection(ProjectConfigurationPlatforms) = postSolution
		{A3B75F58-812B-468C-B39C-D0BF74563E17}.Debug|Any CPU.ActiveCfg = Debug|Any CPU
		{A3B75F58-812B-468C-B39C-D0BF74563E17}.Debug|Any CPU.Build.0 = Debug|Any CPU
		{A3B75F58-812B-468C-B39C-D0BF74563E17}.Dev|Any CPU.ActiveCfg = Dev|Any CPU
		{A3B75F58-812B-468C-B39C-D0BF74563E17}.Dev|Any CPU.Build.0 = Dev|Any CPU
		{A3B75F58-812B-468C-B39C-D0BF74563E17}.Dev1|Any CPU.ActiveCfg = Dev1|Any CPU
		{A3B75F58-812B-468C-B39C-D0BF74563E17}.Dev1|Any CPU.Build.0 = Dev1|Any CPU
		{A3B75F58-812B-468C-B39C-D0BF74563E17}.Dev2|Any CPU.ActiveCfg = Dev2|Any CPU
		{A3B75F58-812B-468C-B39C-D0BF74563E17}.Dev2|Any CPU.Build.0 = Dev2|Any CPU
		{A3B75F58-812B-468C-B39C-D0BF74563E17}.DevOps|Any CPU.ActiveCfg = DevOps|Any CPU
		{A3B75F58-812B-468C-B39C-D0BF74563E17}.DevOps|Any CPU.Build.0 = DevOps|Any CPU
		{A3B75F58-812B-468C-B39C-D0BF74563E17}.Next|Any CPU.ActiveCfg = Next|Any CPU
		{A3B75F58-812B-468C-B39C-D0BF74563E17}.Next|Any CPU.Build.0 = Next|Any CPU
		{A3B75F58-812B-468C-B39C-D0BF74563E17}.Prod|Any CPU.ActiveCfg = Prod|Any CPU
		{A3B75F58-812B-468C-B39C-D0BF74563E17}.Prod|Any CPU.Build.0 = Prod|Any CPU
		{A3B75F58-812B-468C-B39C-D0BF74563E17}.Qa1|Any CPU.ActiveCfg = Qa1|Any CPU
		{A3B75F58-812B-468C-B39C-D0BF74563E17}.Qa1|Any CPU.Build.0 = Qa1|Any CPU
		{A3B75F58-812B-468C-B39C-D0BF74563E17}.Qa2|Any CPU.ActiveCfg = Qa2|Any CPU
		{A3B75F58-812B-468C-B39C-D0BF74563E17}.Qa2|Any CPU.Build.0 = Qa2|Any CPU
		{A3B75F58-812B-468C-B39C-D0BF74563E17}.Qa3|Any CPU.ActiveCfg = Qa3|Any CPU
		{A3B75F58-812B-468C-B39C-D0BF74563E17}.Qa3|Any CPU.Build.0 = Qa3|Any CPU
		{A3B75F58-812B-468C-B39C-D0BF74563E17}.Qa4|Any CPU.ActiveCfg = Qa4|Any CPU
		{A3B75F58-812B-468C-B39C-D0BF74563E17}.Qa4|Any CPU.Build.0 = Qa4|Any CPU
		{A3B75F58-812B-468C-B39C-D0BF74563E17}.Release|Any CPU.ActiveCfg = Release|Any CPU
		{A3B75F58-812B-468C-B39C-D0BF74563E17}.Release|Any CPU.Build.0 = Release|Any CPU
		{A3B75F58-812B-468C-B39C-D0BF74563E17}.Ux|Any CPU.ActiveCfg = Ux|Any CPU
		{A3B75F58-812B-468C-B39C-D0BF74563E17}.Ux|Any CPU.Build.0 = Ux|Any CPU
		{A3B75F58-812B-468C-B39C-D0BF74563E17}.vlab|Any CPU.ActiveCfg = vlab|Any CPU
		{A3B75F58-812B-468C-B39C-D0BF74563E17}.vlab|Any CPU.Build.0 = vlab|Any CPU
		{9CBDE0D8-775F-4D0C-B89C-F8811860D5E2}.Debug|Any CPU.ActiveCfg = Debug|Any CPU
		{9CBDE0D8-775F-4D0C-B89C-F8811860D5E2}.Debug|Any CPU.Build.0 = Debug|Any CPU
		{9CBDE0D8-775F-4D0C-B89C-F8811860D5E2}.Dev|Any CPU.ActiveCfg = Debug|Any CPU
		{9CBDE0D8-775F-4D0C-B89C-F8811860D5E2}.Dev|Any CPU.Build.0 = Debug|Any CPU
		{9CBDE0D8-775F-4D0C-B89C-F8811860D5E2}.Dev1|Any CPU.ActiveCfg = Debug|Any CPU
		{9CBDE0D8-775F-4D0C-B89C-F8811860D5E2}.Dev1|Any CPU.Build.0 = Debug|Any CPU
		{9CBDE0D8-775F-4D0C-B89C-F8811860D5E2}.Dev2|Any CPU.ActiveCfg = Debug|Any CPU
		{9CBDE0D8-775F-4D0C-B89C-F8811860D5E2}.Dev2|Any CPU.Build.0 = Debug|Any CPU
		{9CBDE0D8-775F-4D0C-B89C-F8811860D5E2}.DevOps|Any CPU.ActiveCfg = Debug|Any CPU
		{9CBDE0D8-775F-4D0C-B89C-F8811860D5E2}.DevOps|Any CPU.Build.0 = Debug|Any CPU
		{9CBDE0D8-775F-4D0C-B89C-F8811860D5E2}.Next|Any CPU.ActiveCfg = Release|Any CPU
		{9CBDE0D8-775F-4D0C-B89C-F8811860D5E2}.Next|Any CPU.Build.0 = Release|Any CPU
		{9CBDE0D8-775F-4D0C-B89C-F8811860D5E2}.Prod|Any CPU.ActiveCfg = Release|Any CPU
		{9CBDE0D8-775F-4D0C-B89C-F8811860D5E2}.Prod|Any CPU.Build.0 = Release|Any CPU
		{9CBDE0D8-775F-4D0C-B89C-F8811860D5E2}.Qa1|Any CPU.ActiveCfg = Release|Any CPU
		{9CBDE0D8-775F-4D0C-B89C-F8811860D5E2}.Qa1|Any CPU.Build.0 = Release|Any CPU
		{9CBDE0D8-775F-4D0C-B89C-F8811860D5E2}.Qa2|Any CPU.ActiveCfg = Release|Any CPU
		{9CBDE0D8-775F-4D0C-B89C-F8811860D5E2}.Qa2|Any CPU.Build.0 = Release|Any CPU
		{9CBDE0D8-775F-4D0C-B89C-F8811860D5E2}.Qa3|Any CPU.ActiveCfg = Release|Any CPU
		{9CBDE0D8-775F-4D0C-B89C-F8811860D5E2}.Qa3|Any CPU.Build.0 = Release|Any CPU
		{9CBDE0D8-775F-4D0C-B89C-F8811860D5E2}.Qa4|Any CPU.ActiveCfg = Release|Any CPU
		{9CBDE0D8-775F-4D0C-B89C-F8811860D5E2}.Qa4|Any CPU.Build.0 = Release|Any CPU
		{9CBDE0D8-775F-4D0C-B89C-F8811860D5E2}.Release|Any CPU.ActiveCfg = Release|Any CPU
		{9CBDE0D8-775F-4D0C-B89C-F8811860D5E2}.Release|Any CPU.Build.0 = Release|Any CPU
		{9CBDE0D8-775F-4D0C-B89C-F8811860D5E2}.Ux|Any CPU.ActiveCfg = Release|Any CPU
		{9CBDE0D8-775F-4D0C-B89C-F8811860D5E2}.Ux|Any CPU.Build.0 = Release|Any CPU
		{9CBDE0D8-775F-4D0C-B89C-F8811860D5E2}.vlab|Any CPU.ActiveCfg = Release|Any CPU
		{9CBDE0D8-775F-4D0C-B89C-F8811860D5E2}.vlab|Any CPU.Build.0 = Release|Any CPU
	EndGlobalSection
	GlobalSection(SolutionProperties) = preSolution
		HideSolutionNode = FALSE
	EndGlobalSection
	GlobalSection(ExtensibilityGlobals) = postSolution
		SolutionGuid = {19EEF589-B99B-4C60-AC46-4D641E6A1D55}
	EndGlobalSection
EndGlobal
